
Microsoft Visual Studio Solution File, Format Version 12.00
# Visual Studio Version 17
VisualStudioVersion = 17.14.36202.13 d17.14
MinimumVisualStudioVersion = 10.0.40219.1
Project("{FAE04EC0-301F-11D3-BF4B-00C04F79EFBC}") = "krud", "krud.csproj", "{00FB082B-34A9-4022-8F2A-875AB810CBEF}"
EndProject
Global
	GlobalSection(SolutionConfigurationPlatforms) = preSolution
		Debug|Any CPU = Debug|Any CPU
		Release|Any CPU = Release|Any CPU
	EndGlobalSection
	GlobalSection(ProjectConfigurationPlatforms) = postSolution
		{00FB082B-34A9-4022-8F2A-875AB810CBEF}.Debug|Any CPU.ActiveCfg = Debug|Any CPU
		{00FB082B-34A9-4022-8F2A-875AB810CBEF}.Debug|Any CPU.Build.0 = Debug|Any CPU
		{00FB082B-34A9-4022-8F2A-875AB810CBEF}.Release|Any CPU.ActiveCfg = Release|Any CPU
		{00FB082B-34A9-4022-8F2A-875AB810CBEF}.Release|Any CPU.Build.0 = Release|Any CPU
	EndGlobalSection
	GlobalSection(SolutionProperties) = preSolution
		HideSolutionNode = FALSE
	EndGlobalSection
	GlobalSection(ExtensibilityGlobals) = postSolution
		SolutionGuid = {7EDEB1C3-F825-4933-BF57-F5CBD0D4BECA}
	EndGlobalSection
EndGlobal
